
Microsoft Visual Studio Solution File, Format Version 12.00
# Visual Studio Version 17
VisualStudioVersion = 17.7.34221.43
MinimumVisualStudioVersion = 10.0.40219.1
Project("{FAE04EC0-301F-11D3-BF4B-00C04F79EFBC}") = "Zenithzens_PamerYuk_DB", "Zenithzens_PamerYuk_DB\Zenithzens_PamerYuk_DB.csproj", "{E9E2090C-792E-4498-B43F-0CCDC6C78801}"
EndProject
Project("{FAE04EC0-301F-11D3-BF4B-00C04F79EFBC}") = "Class_PamerYuk", "Class_PamerYuk\Class_PamerYuk.csproj", "{CA0707B0-98C2-4621-8FAF-2FF0689CE0FE}"
EndProject
Global
	GlobalSection(SolutionConfigurationPlatforms) = preSolution
		Debug|Any CPU = Debug|Any CPU
		Release|Any CPU = Release|Any CPU
	EndGlobalSection
	GlobalSection(ProjectConfigurationPlatforms) = postSolution
		{E9E2090C-792E-4498-B43F-0CCDC6C78801}.Debug|Any CPU.ActiveCfg = Debug|Any CPU
		{E9E2090C-792E-4498-B43F-0CCDC6C78801}.Debug|Any CPU.Build.0 = Debug|Any CPU
		{E9E2090C-792E-4498-B43F-0CCDC6C78801}.Release|Any CPU.ActiveCfg = Release|Any CPU
		{E9E2090C-792E-4498-B43F-0CCDC6C78801}.Release|Any CPU.Build.0 = Release|Any CPU
		{CA0707B0-98C2-4621-8FAF-2FF0689CE0FE}.Debug|Any CPU.ActiveCfg = Debug|Any CPU
		{CA0707B0-98C2-4621-8FAF-2FF0689CE0FE}.Debug|Any CPU.Build.0 = Debug|Any CPU
		{CA0707B0-98C2-4621-8FAF-2FF0689CE0FE}.Release|Any CPU.ActiveCfg = Release|Any CPU
		{CA0707B0-98C2-4621-8FAF-2FF0689CE0FE}.Release|Any CPU.Build.0 = Release|Any CPU
	EndGlobalSection
	GlobalSection(SolutionProperties) = preSolution
		HideSolutionNode = FALSE
	EndGlobalSection
	GlobalSection(ExtensibilityGlobals) = postSolution
		SolutionGuid = {E4E1A0CA-C199-4D5B-9D7D-113006D4C709}
	EndGlobalSection
EndGlobal
